
Microsoft Visual Studio Solution File, Format Version 12.00
# Visual Studio Version 17
VisualStudioVersion = 17.7.34031.279
MinimumVisualStudioVersion = 10.0.40219.1
Project("{FAE04EC0-301F-11D3-BF4B-00C04F79EFBC}") = "UchebnayaSemenova", "UchebnayaSemenova\UchebnayaSemenova.csproj", "{84AD369B-7791-4464-BEF3-057A2323017C}"
EndProject
Global
	GlobalSection(SolutionConfigurationPlatforms) = preSolution
		Debug|Any CPU = Debug|Any CPU
		Release|Any CPU = Release|Any CPU
	EndGlobalSection
	GlobalSection(ProjectConfigurationPlatforms) = postSolution
		{84AD369B-7791-4464-BEF3-057A2323017C}.Debug|Any CPU.ActiveCfg = Debug|Any CPU
		{84AD369B-7791-4464-BEF3-057A2323017C}.Debug|Any CPU.Build.0 = Debug|Any CPU
		{84AD369B-7791-4464-BEF3-057A2323017C}.Release|Any CPU.ActiveCfg = Release|Any CPU
		{84AD369B-7791-4464-BEF3-057A2323017C}.Release|Any CPU.Build.0 = Release|Any CPU
	EndGlobalSection
	GlobalSection(SolutionProperties) = preSolution
		HideSolutionNode = FALSE
	EndGlobalSection
	GlobalSection(ExtensibilityGlobals) = postSolution
		SolutionGuid = {2554C245-DDBF-4C68-87B3-338DA1CF5E22}
	EndGlobalSection
EndGlobal
